{
  "name": "CopilotKit",
  "lockfileVersion": 3,
  "requires": true,
  "packages": {
    "": {
      "dependencies": {
        "pnpm": "^8.14.3"
      }
    },
    "node_modules/pnpm": {
      "version": "8.14.3",
      "resolved": "https://registry.npmjs.org/pnpm/-/pnpm-8.14.3.tgz",
      "integrity": "sha512-w+2A61g74+K37zHrlri5z6oFA+XUTscXUUEgtRh7L5M3NukDjFGlojrVgnkLpB1Kt4RhjIn6fiNl9mZWhdYS7g==",
      "bin": {
        "pnpm": "bin/pnpm.cjs",
        "pnpx": "bin/pnpx.cjs"
      },
      "engines": {
        "node": ">=16.14"
      },
      "funding": {
        "url": "https://opencollective.com/pnpm"
      }
    }
  }
}
